# This file is generated by running "yarn install" inside your project.
# Manual changes might be lost - proceed with caution!

__metadata:
  version: 8
  cacheKey: 10c0

"@gar/promise-retry@npm:^1.0.0":
  version: 1.0.3
  resolution: "@gar/promise-retry@npm:1.0.3"
  checksum: 10c0/885b02c8b0d75b2d215da25f3b639158c4fbe8fefe0d79163304534b9a6d0710db4b7699f7cd3cc1a730792bff04cbe19f4850a62d3e105a663eaeec88f38332
  languageName: node
  linkType: hard

"@isaacs/fs-minipass@npm:^4.0.0":
  version: 4.0.1
  resolution: "@isaacs/fs-minipass@npm:4.0.1"
  dependencies:
    minipass: "npm:^7.0.4"
  checksum: 10c0/c25b6dc1598790d5b55c0947a9b7d111cfa92594db5296c3b907e2f533c033666f692a3939eadac17b1c7c40d362d0b0635dc874cbfe3e70db7c2b07cc97a5d2
  languageName: node
  linkType: hard

"@mapbox/node-pre-gyp@npm:^2.0.3":
  version: 2.0.3
  resolution: "@mapbox/node-pre-gyp@npm:2.0.3"
  dependencies:
    consola: "npm:^3.2.3"
    detect-libc: "npm:^2.0.0"
    https-proxy-agent: "npm:^7.0.5"
    node-fetch: "npm:^2.6.7"
    nopt: "npm:^8.0.0"
    semver: "npm:^7.5.3"
    tar: "npm:^7.4.0"
  bin:
    node-pre-gyp: bin/node-pre-gyp
  checksum: 10c0/6243c60f0d7327772c679aad20f17bcbf771b362fb7fbf1ae6dcf8dd379bb852e5af26180ab1e987a75dffa7cd5445414dc47e2acbcfe820cb08374deebecbc3
  languageName: node
  linkType: hard

"@newrelic/native-metrics@npm:12.0.0":
  version: 12.0.0
  resolution: "@newrelic/native-metrics@npm:12.0.0"
  dependencies:
    nan: "npm:^2.22.2"
    node-gyp: "npm:latest"
    node-gyp-build: "npm:^4.8.1"
    prebuildify: "npm:^6.0.1"
  checksum: 10c0/ed8fb5ee52323bbfa9e333221a2125dcedb3d68fba119ac82b0e6c0340aafada579cf9a649158feca16c9d79b679da98a996ea6b9a7831547df9e466fdcbbece
  languageName: node
  linkType: hard

"@npmcli/agent@npm:^4.0.0":
  version: 4.0.0
  resolution: "@npmcli/agent@npm:4.0.0"
  dependencies:
    agent-base: "npm:^7.1.0"
    http-proxy-agent: "npm:^7.0.0"
    https-proxy-agent: "npm:^7.0.1"
    lru-cache: "npm:^11.2.1"
    socks-proxy-agent: "npm:^8.0.3"
  checksum: 10c0/f7b5ce0f3dd42c3f8c6546e8433573d8049f67ef11ec22aa4704bc41483122f68bf97752e06302c455ead667af5cb753e6a09bff06632bc465c1cfd4c4b75a53
  languageName: node
  linkType: hard

"@npmcli/fs@npm:^5.0.0":
  version: 5.0.0
  resolution: "@npmcli/fs@npm:5.0.0"
  dependencies:
    semver: "npm:^7.3.5"
  checksum: 10c0/26e376d780f60ff16e874a0ac9bc3399186846baae0b6e1352286385ac134d900cc5dafaded77f38d77f86898fc923ae1cee9d7399f0275b1aa24878915d722b
  languageName: node
  linkType: hard

"@npmcli/redact@npm:^4.0.0":
  version: 4.0.0
  resolution: "@npmcli/redact@npm:4.0.0"
  checksum: 10c0/a1e9ba9c70a6b40e175bda2c3dd8cfdaf096e6b7f7a132c855c083c8dfe545c3237cd56702e2e6627a580b1d63373599d49a1192c4078a85bf47bbde824df31c
  languageName: node
  linkType: hard

"@types/node@npm:^12.0.10":
  version: 12.20.55
  resolution: "@types/node@npm:12.20.55"
  checksum: 10c0/3b190bb0410047d489c49bbaab592d2e6630de6a50f00ba3d7d513d59401d279972a8f5a598b5bb8ddc1702f8a2f4ec57a65d93852f9c329639738e7053637d1
  languageName: node
  linkType: hard

"abbrev@npm:^3.0.0":
  version: 3.0.1
  resolution: "abbrev@npm:3.0.1"
  checksum: 10c0/21ba8f574ea57a3106d6d35623f2c4a9111d9ee3e9a5be47baed46ec2457d2eac46e07a5c4a60186f88cb98abbe3e24f2d4cca70bc2b12f1692523e2209a9ccf
  languageName: node
  linkType: hard

"abbrev@npm:^4.0.0":
  version: 4.0.0
  resolution: "abbrev@npm:4.0.0"
  checksum: 10c0/b4cc16935235e80702fc90192e349e32f8ef0ed151ef506aa78c81a7c455ec18375c4125414b99f84b2e055199d66383e787675f0bcd87da7a4dbd59f9eac1d5
  languageName: node
  linkType: hard

"abstract-leveldown@npm:^6.2.1":
  version: 6.3.0
  resolution: "abstract-leveldown@npm:6.3.0"
  dependencies:
    buffer: "npm:^5.5.0"
    immediate: "npm:^3.2.3"
    level-concat-iterator: "npm:~2.0.0"
    level-supports: "npm:~1.0.0"
    xtend: "npm:~4.0.0"
  checksum: 10c0/441c7e6765b6c2e9a36999e2bda3f4421d09348c0e925e284d873bcbf5ecad809788c9eda416aed37fe5b6e6a9e75af6e27142d1fcba460b8757d70028e307b1
  languageName: node
  linkType: hard

"abstract-leveldown@npm:~6.2.1, abstract-leveldown@npm:~6.2.3":
  version: 6.2.3
  resolution: "abstract-leveldown@npm:6.2.3"
  dependencies:
    buffer: "npm:^5.5.0"
    immediate: "npm:^3.2.3"
    level-concat-iterator: "npm:~2.0.0"
    level-supports: "npm:~1.0.0"
    xtend: "npm:~4.0.0"
  checksum: 10c0/a7994531a4618a409ee016dabf132014be9a2d07a3438f835c1eb5607f77f6cf12abc437e8f5bff353b1d8dcb31628c8ae65b41e7533bf606c6f7213ab61c1d1
  languageName: node
  linkType: hard

"agent-base@npm:^7.1.0, agent-base@npm:^7.1.2":
  version: 7.1.4
  resolution: "agent-base@npm:7.1.4"
  checksum: 10c0/c2c9ab7599692d594b6a161559ada307b7a624fa4c7b03e3afdb5a5e31cd0e53269115b620fcab024c5ac6a6f37fa5eb2e004f076ad30f5f7e6b8b671f7b35fe
  languageName: node
  linkType: hard

"balanced-match@npm:^4.0.2":
  version: 4.0.4
  resolution: "balanced-match@npm:4.0.4"
  checksum: 10c0/07e86102a3eb2ee2a6a1a89164f29d0dbaebd28f2ca3f5ca786f36b8b23d9e417eb3be45a4acf754f837be5ac0a2317de90d3fcb7f4f4dc95720a1f36b26a17b
  languageName: node
  linkType: hard

"base64-js@npm:^1.3.1":
  version: 1.5.1
  resolution: "base64-js@npm:1.5.1"
  checksum: 10c0/f23823513b63173a001030fae4f2dabe283b99a9d324ade3ad3d148e218134676f1ee8568c877cd79ec1c53158dcf2d2ba527a97c606618928ba99dd930102bf
  languageName: node
  linkType: hard

"bcrypt@npm:6.0.0":
  version: 6.0.0
  resolution: "bcrypt@npm:6.0.0"
  dependencies:
    node-addon-api: "npm:^8.3.0"
    node-gyp: "npm:latest"
    node-gyp-build: "npm:^4.8.4"
  checksum: 10c0/006e69d4b3f0f021051fa9d998a768721a51dde28e7848e3e775ab608ba3476b25fa9262a7082ececbb0d493b0b6ca83673a6f3810b114fe90ec1bc6ae4b35b2
  languageName: node
  linkType: hard

"bindings@npm:^1.2.1, bindings@npm:^1.3.0":
  version: 1.5.0
  resolution: "bindings@npm:1.5.0"
  dependencies:
    file-uri-to-path: "npm:1.0.0"
  checksum: 10c0/3dab2491b4bb24124252a91e656803eac24292473e56554e35bbfe3cc1875332cfa77600c3bac7564049dc95075bf6fcc63a4609920ff2d64d0fe405fcf0d4ba
  languageName: node
  linkType: hard

"bl@npm:^4.0.3":
  version: 4.1.0
  resolution: "bl@npm:4.1.0"
  dependencies:
    buffer: "npm:^5.5.0"
    inherits: "npm:^2.0.4"
    readable-stream: "npm:^3.4.0"
  checksum: 10c0/02847e1d2cb089c9dc6958add42e3cdeaf07d13f575973963335ac0fdece563a50ac770ac4c8fa06492d2dd276f6cc3b7f08c7cd9c7a7ad0f8d388b2a28def5f
  languageName: node
  linkType: hard

"brace-expansion@npm:^5.0.2":
  version: 5.0.5
  resolution: "brace-expansion@npm:5.0.5"
  dependencies:
    balanced-match: "npm:^4.0.2"
  checksum: 10c0/4d238e14ed4f5cc9c07285550a41cef23121ca08ba99fa9eb5b55b580dcb6bf868b8210aa10526bdc9f8dc97f33ca2a7259039c4cc131a93042beddb424c48e3
  languageName: node
  linkType: hard

"buffer@npm:^5.5.0, buffer@npm:^5.6.0":
  version: 5.7.1
  resolution: "buffer@npm:5.7.1"
  dependencies:
    base64-js: "npm:^1.3.1"
    ieee754: "npm:^1.1.13"
  checksum: 10c0/27cac81cff434ed2876058d72e7c4789d11ff1120ef32c9de48f59eab58179b66710c488987d295ae89a228f835fc66d088652dffeb8e3ba8659f80eb091d55e
  languageName: node
  linkType: hard

"cacache@npm:^20.0.1":
  version: 20.0.4
  resolution: "cacache@npm:20.0.4"
  dependencies:
    "@npmcli/fs": "npm:^5.0.0"
    fs-minipass: "npm:^3.0.0"
    glob: "npm:^13.0.0"
    lru-cache: "npm:^11.1.0"
    minipass: "npm:^7.0.3"
    minipass-collect: "npm:^2.0.1"
    minipass-flush: "npm:^1.0.5"
    minipass-pipeline: "npm:^1.2.4"
    p-map: "npm:^7.0.2"
    ssri: "npm:^13.0.0"
  checksum: 10c0/539bf4020e44ba9ca5afc2ec435623ed7e0dd80c020097677e6b4a0545df5cc9d20b473212d01209c8b4aea43c0d095af0bb6da97bcb991642ea6fac0d7c462b
  languageName: node
  linkType: hard

"chownr@npm:^1.1.1":
  version: 1.1.4
  resolution: "chownr@npm:1.1.4"
  checksum: 10c0/ed57952a84cc0c802af900cf7136de643d3aba2eecb59d29344bc2f3f9bf703a301b9d84cdc71f82c3ffc9ccde831b0d92f5b45f91727d6c9da62f23aef9d9db
  languageName: node
  linkType: hard

"chownr@npm:^3.0.0":
  version: 3.0.0
  resolution: "chownr@npm:3.0.0"
  checksum: 10c0/43925b87700f7e3893296c8e9c56cc58f926411cce3a6e5898136daaf08f08b9a8eb76d37d3267e707d0dcc17aed2e2ebdf5848c0c3ce95cf910a919935c1b10
  languageName: node
  linkType: hard

"consola@npm:^3.2.3":
  version: 3.4.2
  resolution: "consola@npm:3.4.2"
  checksum: 10c0/7cebe57ecf646ba74b300bcce23bff43034ed6fbec9f7e39c27cee1dc00df8a21cd336b466ad32e304ea70fba04ec9e890c200270de9a526ce021ba8a7e4c11a
  languageName: node
  linkType: hard

"debug@npm:4":
  version: 4.3.5
  resolution: "debug@npm:4.3.5"
  dependencies:
    ms: "npm:2.1.2"
  peerDependenciesMeta:
    supports-color:
      optional: true
  checksum: 10c0/082c375a2bdc4f4469c99f325ff458adad62a3fc2c482d59923c260cb08152f34e2659f72b3767db8bb2f21ca81a60a42d1019605a412132d7b9f59363a005cc
  languageName: node
  linkType: hard

"debug@npm:^3.1.0":
  version: 3.2.7
  resolution: "debug@npm:3.2.7"
  dependencies:
    ms: "npm:^2.1.1"
  checksum: 10c0/37d96ae42cbc71c14844d2ae3ba55adf462ec89fd3a999459dec3833944cd999af6007ff29c780f1c61153bcaaf2c842d1e4ce1ec621e4fc4923244942e4a02a
  languageName: node
  linkType: hard

"debug@npm:^4.3.4":
  version: 4.4.3
  resolution: "debug@npm:4.4.3"
  dependencies:
    ms: "npm:^2.1.3"
  peerDependenciesMeta:
    supports-color:
      optional: true
  checksum: 10c0/d79136ec6c83ecbefd0f6a5593da6a9c91ec4d7ddc4b54c883d6e71ec9accb5f67a1a5e96d00a328196b5b5c86d365e98d8a3a70856aaf16b4e7b1985e67f5a6
  languageName: node
  linkType: hard

"decompress-response@npm:^6.0.0":
  version: 6.0.0
  resolution: "decompress-response@npm:6.0.0"
  dependencies:
    mimic-response: "npm:^3.1.0"
  checksum: 10c0/bd89d23141b96d80577e70c54fb226b2f40e74a6817652b80a116d7befb8758261ad073a8895648a29cc0a5947021ab66705cb542fa9c143c82022b27c5b175e
  languageName: node
  linkType: hard

"deep-extend@npm:^0.6.0":
  version: 0.6.0
  resolution: "deep-extend@npm:0.6.0"
  checksum: 10c0/1c6b0abcdb901e13a44c7d699116d3d4279fdb261983122a3783e7273844d5f2537dc2e1c454a23fcf645917f93fbf8d07101c1d03c015a87faa662755212566
  languageName: node
  linkType: hard

"deferred-leveldown@npm:~5.3.0":
  version: 5.3.0
  resolution: "deferred-leveldown@npm:5.3.0"
  dependencies:
    abstract-leveldown: "npm:~6.2.1"
    inherits: "npm:^2.0.3"
  checksum: 10c0/b1021314bfd5875b10e4c8c69429a69d37affc79df53aedf3c18a4bcd7460619220fa6b1bc309bcd85851c2c9c2b4da6cb03127abc08b715ff56da8aeae6b74f
  languageName: node
  linkType: hard

"detect-libc@npm:^2.0.0":
  version: 2.0.3
  resolution: "detect-libc@npm:2.0.3"
  checksum: 10c0/88095bda8f90220c95f162bf92cad70bd0e424913e655c20578600e35b91edc261af27531cf160a331e185c0ced93944bc7e09939143225f56312d7fd800fdb7
  languageName: node
  linkType: hard

"encoding-down@npm:^6.3.0":
  version: 6.3.0
  resolution: "encoding-down@npm:6.3.0"
  dependencies:
    abstract-leveldown: "npm:^6.2.1"
    inherits: "npm:^2.0.3"
    level-codec: "npm:^9.0.0"
    level-errors: "npm:^2.0.0"
  checksum: 10c0/f7e92149863863c11e04d71ceb71baa1772270dc9ef15cbdbb155fed0a7d31c823682e043af3100f96ce8ab2e0a70a2464c1fa4902d4dce9a0584498f40d07bf
  languageName: node
  linkType: hard

"end-of-stream@npm:^1.1.0, end-of-stream@npm:^1.4.1":
  version: 1.4.4
  resolution: "end-of-stream@npm:1.4.4"
  dependencies:
    once: "npm:^1.4.0"
  checksum: 10c0/870b423afb2d54bb8d243c63e07c170409d41e20b47eeef0727547aea5740bd6717aca45597a9f2745525667a6b804c1e7bede41f856818faee5806dd9ff3975
  languageName: node
  linkType: hard

"env-paths@npm:^2.2.0":
  version: 2.2.1
  resolution: "env-paths@npm:2.2.1"
  checksum: 10c0/285325677bf00e30845e330eec32894f5105529db97496ee3f598478e50f008c5352a41a30e5e72ec9de8a542b5a570b85699cd63bd2bc646dbcb9f311d83bc4
  languageName: node
  linkType: hard

"errno@npm:~0.1.1":
  version: 0.1.8
  resolution: "errno@npm:0.1.8"
  dependencies:
    prr: "npm:~1.0.1"
  bin:
    errno: cli.js
  checksum: 10c0/83758951967ec57bf00b5f5b7dc797e6d65a6171e57ea57adcf1bd1a0b477fd9b5b35fae5be1ff18f4090ed156bce1db749fe7e317aac19d485a5d150f6a4936
  languageName: node
  linkType: hard

"expand-template@npm:^2.0.3":
  version: 2.0.3
  resolution: "expand-template@npm:2.0.3"
  checksum: 10c0/1c9e7afe9acadf9d373301d27f6a47b34e89b3391b1ef38b7471d381812537ef2457e620ae7f819d2642ce9c43b189b3583813ec395e2938319abe356a9b2f51
  languageName: node
  linkType: hard

"exponential-backoff@npm:^3.1.1":
  version: 3.1.1
  resolution: "exponential-backoff@npm:3.1.1"
  checksum: 10c0/160456d2d647e6019640bd07111634d8c353038d9fa40176afb7cd49b0548bdae83b56d05e907c2cce2300b81cae35d800ef92fefb9d0208e190fa3b7d6bb579
  languageName: node
  linkType: hard

"farmhash@npm:3.3.1":
  version: 3.3.1
  resolution: "farmhash@npm:3.3.1"
  dependencies:
    node-addon-api: "npm:^5.1.0"
    node-gyp: "npm:latest"
    prebuild-install: "npm:^7.1.2"
  checksum: 10c0/3633402d6989d55536b71742db7bf3b3b883d6729b6ff8f001701b733f8d8ccaf393b2b0d2b650c9a04fb3b24185ac79246800f6fa6b0e2fb891dc39aaa424f9
  languageName: node
  linkType: hard

"fdir@npm:^6.5.0":
  version: 6.5.0
  resolution: "fdir@npm:6.5.0"
  peerDependencies:
    picomatch: ^3 || ^4
  peerDependenciesMeta:
    picomatch:
      optional: true
  checksum: 10c0/e345083c4306b3aed6cb8ec551e26c36bab5c511e99ea4576a16750ddc8d3240e63826cc624f5ae17ad4dc82e68a253213b60d556c11bfad064b7607847ed07f
  languageName: node
  linkType: hard

"file-uri-to-path@npm:1.0.0":
  version: 1.0.0
  resolution: "file-uri-to-path@npm:1.0.0"
  checksum: 10c0/3b545e3a341d322d368e880e1c204ef55f1d45cdea65f7efc6c6ce9e0c4d22d802d5629320eb779d006fe59624ac17b0e848d83cc5af7cd101f206cb704f5519
  languageName: node
  linkType: hard

"fs-constants@npm:^1.0.0":
  version: 1.0.0
  resolution: "fs-constants@npm:1.0.0"
  checksum: 10c0/a0cde99085f0872f4d244e83e03a46aa387b74f5a5af750896c6b05e9077fac00e9932fdf5aef84f2f16634cd473c63037d7a512576da7d5c2b9163d1909f3a8
  languageName: node
  linkType: hard

"fs-minipass@npm:^3.0.0":
  version: 3.0.3
  resolution: "fs-minipass@npm:3.0.3"
  dependencies:
    minipass: "npm:^7.0.3"
  checksum: 10c0/63e80da2ff9b621e2cb1596abcb9207f1cf82b968b116ccd7b959e3323144cce7fb141462200971c38bbf2ecca51695069db45265705bed09a7cd93ae5b89f94
  languageName: node
  linkType: hard

"github-from-package@npm:0.0.0":
  version: 0.0.0
  resolution: "github-from-package@npm:0.0.0"
  checksum: 10c0/737ee3f52d0a27e26332cde85b533c21fcdc0b09fb716c3f8e522cfaa9c600d4a631dec9fcde179ec9d47cca89017b7848ed4d6ae6b6b78f936c06825b1fcc12
  languageName: node
  linkType: hard

"glob@npm:^13.0.0":
  version: 13.0.6
  resolution: "glob@npm:13.0.6"
  dependencies:
    minimatch: "npm:^10.2.2"
    minipass: "npm:^7.1.3"
    path-scurry: "npm:^2.0.2"
  checksum: 10c0/269c236f11a9b50357fe7a8c6aadac667e01deb5242b19c84975628f05f4438d8ee1354bb62c5d6c10f37fd59911b54d7799730633a2786660d8c69f1d18120a
  languageName: node
  linkType: hard

"graceful-fs@npm:^4.2.6":
  version: 4.2.11
  resolution: "graceful-fs@npm:4.2.11"
  checksum: 10c0/386d011a553e02bc594ac2ca0bd6d9e4c22d7fa8cfbfc448a6d148c59ea881b092db9dbe3547ae4b88e55f1b01f7c4a2ecc53b310c042793e63aa44cf6c257f2
  languageName: node
  linkType: hard

"http-cache-semantics@npm:^4.1.1":
  version: 4.2.0
  resolution: "http-cache-semantics@npm:4.2.0"
  checksum: 10c0/45b66a945cf13ec2d1f29432277201313babf4a01d9e52f44b31ca923434083afeca03f18417f599c9ab3d0e7b618ceb21257542338b57c54b710463b4a53e37
  languageName: node
  linkType: hard

"http-proxy-agent@npm:^7.0.0":
  version: 7.0.2
  resolution: "http-proxy-agent@npm:7.0.2"
  dependencies:
    agent-base: "npm:^7.1.0"
    debug: "npm:^4.3.4"
  checksum: 10c0/4207b06a4580fb85dd6dff521f0abf6db517489e70863dca1a0291daa7f2d3d2d6015a57bd702af068ea5cf9f1f6ff72314f5f5b4228d299c0904135d2aef921
  languageName: node
  linkType: hard

"https-proxy-agent@npm:^7.0.1, https-proxy-agent@npm:^7.0.5":
  version: 7.0.6
  resolution: "https-proxy-agent@npm:7.0.6"
  dependencies:
    agent-base: "npm:^7.1.2"
    debug: "npm:4"
  checksum: 10c0/f729219bc735edb621fa30e6e84e60ee5d00802b8247aac0d7b79b0bd6d4b3294737a337b93b86a0bd9e68099d031858a39260c976dc14cdbba238ba1f8779ac
  languageName: node
  linkType: hard

"iconv-lite@npm:^0.7.2":
  version: 0.7.2
  resolution: "iconv-lite@npm:0.7.2"
  dependencies:
    safer-buffer: "npm:>= 2.1.2 < 3.0.0"
  checksum: 10c0/3c228920f3bd307f56bf8363706a776f4a060eb042f131cd23855ceca962951b264d0997ab38a1ad340e1c5df8499ed26e1f4f0db6b2a2ad9befaff22f14b722
  languageName: node
  linkType: hard

"ieee754@npm:^1.1.13":
  version: 1.2.1
  resolution: "ieee754@npm:1.2.1"
  checksum: 10c0/b0782ef5e0935b9f12883a2e2aa37baa75da6e66ce6515c168697b42160807d9330de9a32ec1ed73149aea02e0d822e572bca6f1e22bdcbd2149e13b050b17bb
  languageName: node
  linkType: hard

"immediate@npm:^3.2.3":
  version: 3.3.0
  resolution: "immediate@npm:3.3.0"
  checksum: 10c0/40eab095d5944ad79af054700beee97000271fde8743720932d8eb41ccbf2cb8c855ff95b128cf9a7fec523a4f11ee2e392b9f2fa6456b055b1160f1b4ad3e3b
  languageName: node
  linkType: hard

"inherits@npm:^2.0.3, inherits@npm:^2.0.4":
  version: 2.0.4
  resolution: "inherits@npm:2.0.4"
  checksum: 10c0/4e531f648b29039fb7426fb94075e6545faa1eb9fe83c29f0b6d9e7263aceb4289d2d4557db0d428188eeb449cc7c5e77b0a0b2c4e248ff2a65933a0dee49ef2
  languageName: node
  linkType: hard

"ini@npm:~1.3.0":
  version: 1.3.8
  resolution: "ini@npm:1.3.8"
  checksum: 10c0/ec93838d2328b619532e4f1ff05df7909760b6f66d9c9e2ded11e5c1897d6f2f9980c54dd638f88654b00919ce31e827040631eab0a3969e4d1abefa0719516a
  languageName: node
  linkType: hard

"ip-address@npm:^10.0.1":
  version: 10.1.0
  resolution: "ip-address@npm:10.1.0"
  checksum: 10c0/0103516cfa93f6433b3bd7333fa876eb21263912329bfa47010af5e16934eeeff86f3d2ae700a3744a137839ddfad62b900c7a445607884a49b5d1e32a3d7566
  languageName: node
  linkType: hard

"isexe@npm:^4.0.0":
  version: 4.0.0
  resolution: "isexe@npm:4.0.0"
  checksum: 10c0/5884815115bceac452877659a9c7726382531592f43dc29e5d48b7c4100661aed54018cb90bd36cb2eaeba521092570769167acbb95c18d39afdccbcca06c5ce
  languageName: node
  linkType: hard

"level-codec@npm:^9.0.0":
  version: 9.0.2
  resolution: "level-codec@npm:9.0.2"
  dependencies:
    buffer: "npm:^5.6.0"
  checksum: 10c0/38a7eb8beed37969ad93160251d5be8e667d4ea0ee199d5e72e61739e552987a71acaa2daa1d2dbc7541f0cfb64e2bd8b50c3d8757cfa41468d8631aa45cc0eb
  languageName: node
  linkType: hard

"level-concat-iterator@npm:~2.0.0":
  version: 2.0.1
  resolution: "level-concat-iterator@npm:2.0.1"
  checksum: 10c0/b0a55ec63137b159fdb69204fbac02f33fbfbaa61563db21121300f6da6a35dd4654dc872df6ca1067c0ca4f98074ccbb59c28044d0043600a940a506c3d4a71
  languageName: node
  linkType: hard

"level-errors@npm:^2.0.0, level-errors@npm:~2.0.0":
  version: 2.0.1
  resolution: "level-errors@npm:2.0.1"
  dependencies:
    errno: "npm:~0.1.1"
  checksum: 10c0/9e664afb98febe22e6ccde063be85e2b6e472414325bea87f0b2288bec589ef97658028f8654dc4716a06cda15c205e910b6cf5eb3906ed3ca06ea84d370002f
  languageName: node
  linkType: hard

"level-iterator-stream@npm:~4.0.0":
  version: 4.0.2
  resolution: "level-iterator-stream@npm:4.0.2"
  dependencies:
    inherits: "npm:^2.0.4"
    readable-stream: "npm:^3.4.0"
    xtend: "npm:^4.0.2"
  checksum: 10c0/29994d5449428c246dc7d983220ca333ddaaa9e0fe9a664bb23750693db6cff4be62e8e31b6e8a0e1057c09a94580b965206c048701f96c3e8e97720a3c1e7c8
  languageName: node
  linkType: hard

"level-js@npm:^5.0.0":
  version: 5.0.2
  resolution: "level-js@npm:5.0.2"
  dependencies:
    abstract-leveldown: "npm:~6.2.3"
    buffer: "npm:^5.5.0"
    inherits: "npm:^2.0.3"
    ltgt: "npm:^2.1.2"
  checksum: 10c0/2f5ccc96541ee9191bb9f8fd970918ade426d3dbb68e0414267a3c204d04952ef72651be241d40579dcb178948c14be5c36758da99df76a04a31d6227949f8a6
  languageName: node
  linkType: hard

"level-packager@npm:^5.1.0":
  version: 5.1.1
  resolution: "level-packager@npm:5.1.1"
  dependencies:
    encoding-down: "npm:^6.3.0"
    levelup: "npm:^4.3.2"
  checksum: 10c0/dc3ad1d3bc1fc85154ab85ac8220ffc7ff4da7b2be725c53ea8716780a2ef37d392c7dffae769a0419341f19febe78d86da998981b4ba3be673db1cb95051e95
  languageName: node
  linkType: hard

"level-supports@npm:~1.0.0":
  version: 1.0.1
  resolution: "level-supports@npm:1.0.1"
  dependencies:
    xtend: "npm:^4.0.2"
  checksum: 10c0/6e8eb2be4c2c55e04e71dff831421a81d95df571e0004b6e6e0cee8421e792e22b3ab94ecaa925dc626164f442185b2e2bfb5d52b257d1639f8f9da8714c8335
  languageName: node
  linkType: hard

"level@npm:6.0.0":
  version: 6.0.0
  resolution: "level@npm:6.0.0"
  dependencies:
    level-js: "npm:^5.0.0"
    level-packager: "npm:^5.1.0"
    leveldown: "npm:^5.4.0"
    opencollective-postinstall: "npm:^2.0.0"
  checksum: 10c0/63795a60743644129dd8ee12ccec689e634b321f7eee8a192ba93ce68702d22adabd037d68878ff194aeabaa98e3576cd94cb627aa26b7ddd3645098b3c59357
  languageName: node
  linkType: hard

"leveldown@npm:^5.4.0":
  version: 5.6.0
  resolution: "leveldown@npm:5.6.0"
  dependencies:
    abstract-leveldown: "npm:~6.2.1"
    napi-macros: "npm:~2.0.0"
    node-gyp: "npm:latest"
    node-gyp-build: "npm:~4.1.0"
  checksum: 10c0/d5c4569aca5a856da4012ecaf507a7ba3e28ef18bde000a1826bf7a485357ddd18ea9ea335e94b9f12274d19b9b7d28d3268ac330f2e96d0067115edf8dc3396
  languageName: node
  linkType: hard

"levelup@npm:^4.3.2":
  version: 4.4.0
  resolution: "levelup@npm:4.4.0"
  dependencies:
    deferred-leveldown: "npm:~5.3.0"
    level-errors: "npm:~2.0.0"
    level-iterator-stream: "npm:~4.0.0"
    level-supports: "npm:~1.0.0"
    xtend: "npm:~4.0.0"
  checksum: 10c0/e67eeb72cf10face92f73527b63ea0754bc3ab7ced76f8bf909fb51db1a2e687e2206415807c2de6862902eb00046e5bf34d64d587e3892d4cb89db687c2a957
  languageName: node
  linkType: hard

"lru-cache@npm:^11.0.0, lru-cache@npm:^11.1.0, lru-cache@npm:^11.2.1":
  version: 11.2.7
  resolution: "lru-cache@npm:11.2.7"
  checksum: 10c0/549cdb59488baa617135fc12159cafb1a97f91079f35093bb3bcad72e849fc64ace636d244212c181dfdf1a99bbfa90757ff303f98561958ee4d0f885d9bd5f7
  languageName: node
  linkType: hard

"ltgt@npm:^2.1.2":
  version: 2.2.1
  resolution: "ltgt@npm:2.2.1"
  checksum: 10c0/60fdad732c3aa6acf37e927a5ef58c0d1776192321d55faa1f8775c134c27fbf20ef8ec542fb7f7f33033f79c2a2df75cac39b43e274b32e9d95400154cd41f3
  languageName: node
  linkType: hard

"make-fetch-happen@npm:^15.0.0":
  version: 15.0.5
  resolution: "make-fetch-happen@npm:15.0.5"
  dependencies:
    "@gar/promise-retry": "npm:^1.0.0"
    "@npmcli/agent": "npm:^4.0.0"
    "@npmcli/redact": "npm:^4.0.0"
    cacache: "npm:^20.0.1"
    http-cache-semantics: "npm:^4.1.1"
    minipass: "npm:^7.0.2"
    minipass-fetch: "npm:^5.0.0"
    minipass-flush: "npm:^1.0.5"
    minipass-pipeline: "npm:^1.2.4"
    negotiator: "npm:^1.0.0"
    proc-log: "npm:^6.0.0"
    ssri: "npm:^13.0.0"
  checksum: 10c0/527580eb5e5476e6ad07a4e3bd017d13e935f4be815674b442081ae5a721c13d3af5715006619e6be79a85723067e047f83a0c9e699f41d8cec43609a8de4f7b
  languageName: node
  linkType: hard

"mimic-response@npm:^3.1.0":
  version: 3.1.0
  resolution: "mimic-response@npm:3.1.0"
  checksum: 10c0/0d6f07ce6e03e9e4445bee655202153bdb8a98d67ee8dc965ac140900d7a2688343e6b4c9a72cfc9ef2f7944dfd76eef4ab2482eb7b293a68b84916bac735362
  languageName: node
  linkType: hard

"minimatch@npm:^10.2.2":
  version: 10.2.4
  resolution: "minimatch@npm:10.2.4"
  dependencies:
    brace-expansion: "npm:^5.0.2"
  checksum: 10c0/35f3dfb7b99b51efd46afd378486889f590e7efb10e0f6a10ba6800428cf65c9a8dedb74427d0570b318d749b543dc4e85f06d46d2858bc8cac7e1eb49a95945
  languageName: node
  linkType: hard

"minimist@npm:^1.2.0, minimist@npm:^1.2.3, minimist@npm:^1.2.5":
  version: 1.2.8
  resolution: "minimist@npm:1.2.8"
  checksum: 10c0/19d3fcdca050087b84c2029841a093691a91259a47def2f18222f41e7645a0b7c44ef4b40e88a1e58a40c84d2ef0ee6047c55594d298146d0eb3f6b737c20ce6
  languageName: node
  linkType: hard

"minipass-collect@npm:^2.0.1":
  version: 2.0.1
  resolution: "minipass-collect@npm:2.0.1"
  dependencies:
    minipass: "npm:^7.0.3"
  checksum: 10c0/5167e73f62bb74cc5019594709c77e6a742051a647fe9499abf03c71dca75515b7959d67a764bdc4f8b361cf897fbf25e2d9869ee039203ed45240f48b9aa06e
  languageName: node
  linkType: hard

"minipass-fetch@npm:^5.0.0":
  version: 5.0.2
  resolution: "minipass-fetch@npm:5.0.2"
  dependencies:
    iconv-lite: "npm:^0.7.2"
    minipass: "npm:^7.0.3"
    minipass-sized: "npm:^2.0.0"
    minizlib: "npm:^3.0.1"
  dependenciesMeta:
    iconv-lite:
      optional: true
  checksum: 10c0/ce4ab9f21cfabaead2097d95dd33f485af8072fbc6b19611bce694965393453a1639d641c2bcf1c48f2ea7d41ea7fab8278373f1d0bee4e63b0a5b2cdd0ef649
  languageName: node
  linkType: hard

"minipass-flush@npm:^1.0.5":
  version: 1.0.5
  resolution: "minipass-flush@npm:1.0.5"
  dependencies:
    minipass: "npm:^3.0.0"
  checksum: 10c0/2a51b63feb799d2bb34669205eee7c0eaf9dce01883261a5b77410c9408aa447e478efd191b4de6fc1101e796ff5892f8443ef20d9544385819093dbb32d36bd
  languageName: node
  linkType: hard

"minipass-pipeline@npm:^1.2.4":
  version: 1.2.4
  resolution: "minipass-pipeline@npm:1.2.4"
  dependencies:
    minipass: "npm:^3.0.0"
  checksum: 10c0/cbda57cea20b140b797505dc2cac71581a70b3247b84480c1fed5ca5ba46c25ecc25f68bfc9e6dcb1a6e9017dab5c7ada5eab73ad4f0a49d84e35093e0c643f2
  languageName: node
  linkType: hard

"minipass-sized@npm:^2.0.0":
  version: 2.0.0
  resolution: "minipass-sized@npm:2.0.0"
  dependencies:
    minipass: "npm:^7.1.2"
  checksum: 10c0/f9201696a6f6d68610d04c9c83e3d2e5cb9c026aae1c8cbf7e17f386105cb79c1bb088dbc21bf0b1eb4f3fb5df384fd1e7aa3bf1f33868c416ae8c8a92679db8
  languageName: node
  linkType: hard

"minipass@npm:^3.0.0":
  version: 3.3.6
  resolution: "minipass@npm:3.3.6"
  dependencies:
    yallist: "npm:^4.0.0"
  checksum: 10c0/a114746943afa1dbbca8249e706d1d38b85ed1298b530f5808ce51f8e9e941962e2a5ad2e00eae7dd21d8a4aae6586a66d4216d1a259385e9d0358f0c1eba16c
  languageName: node
  linkType: hard

"minipass@npm:^7.0.2, minipass@npm:^7.0.3, minipass@npm:^7.0.4, minipass@npm:^7.1.2, minipass@npm:^7.1.3":
  version: 7.1.3
  resolution: "minipass@npm:7.1.3"
  checksum: 10c0/539da88daca16533211ea5a9ee98dc62ff5742f531f54640dd34429e621955e91cc280a91a776026264b7f9f6735947629f920944e9c1558369e8bf22eb33fbb
  languageName: node
  linkType: hard

"minizlib@npm:^3.0.1, minizlib@npm:^3.1.0":
  version: 3.1.0
  resolution: "minizlib@npm:3.1.0"
  dependencies:
    minipass: "npm:^7.1.2"
  checksum: 10c0/5aad75ab0090b8266069c9aabe582c021ae53eb33c6c691054a13a45db3b4f91a7fb1bd79151e6b4e9e9a86727b522527c0a06ec7d45206b745d54cd3097bcec
  languageName: node
  linkType: hard

"mkdirp-classic@npm:^0.5.2, mkdirp-classic@npm:^0.5.3":
  version: 0.5.3
  resolution: "mkdirp-classic@npm:0.5.3"
  checksum: 10c0/95371d831d196960ddc3833cc6907e6b8f67ac5501a6582f47dfae5eb0f092e9f8ce88e0d83afcae95d6e2b61a01741ba03714eeafb6f7a6e9dcc158ac85b168
  languageName: node
  linkType: hard

"ms@npm:2.1.2":
  version: 2.1.2
  resolution: "ms@npm:2.1.2"
  checksum: 10c0/a437714e2f90dbf881b5191d35a6db792efbca5badf112f87b9e1c712aace4b4b9b742dd6537f3edf90fd6f684de897cec230abde57e87883766712ddda297cc
  languageName: node
  linkType: hard

"ms@npm:^2.1.1, ms@npm:^2.1.3":
  version: 2.1.3
  resolution: "ms@npm:2.1.3"
  checksum: 10c0/d924b57e7312b3b63ad21fc5b3dc0af5e78d61a1fc7cfb5457edaf26326bf62be5307cc87ffb6862ef1c2b33b0233cdb5d4f01c4c958cc0d660948b65a287a48
  languageName: node
  linkType: hard

"nan@npm:^2.22.2":
  version: 2.23.0
  resolution: "nan@npm:2.23.0"
  dependencies:
    node-gyp: "npm:latest"
  checksum: 10c0/b986dd257dca53ab43a3b6ca6d0eafde697b69e1d63b242fa4aece50ce97eb169f9c4a5d8eb0eb5f58d118a9595fee11f3198fa210f023440053bb6f54109e73
  languageName: node
  linkType: hard

"napi-build-utils@npm:^1.0.1":
  version: 1.0.2
  resolution: "napi-build-utils@npm:1.0.2"
  checksum: 10c0/37fd2cd0ff2ad20073ce78d83fd718a740d568b225924e753ae51cb69d68f330c80544d487e5e5bd18e28702ed2ca469c2424ad948becd1862c1b0209542b2e9
  languageName: node
  linkType: hard

"napi-macros@npm:~2.0.0":
  version: 2.0.0
  resolution: "napi-macros@npm:2.0.0"
  checksum: 10c0/583ef5084b43e49a12488cdcd4c5142f11e114e249b359161579b64f06776ed523c209d96e4ee2689e2e824c92445d0f529d817cc153f7cec549210296ec4be6
  languageName: node
  linkType: hard

"native-app@workspace:.":
  version: 0.0.0-use.local
  resolution: "native-app@workspace:."
  dependencies:
    "@mapbox/node-pre-gyp": "npm:^2.0.3"
    "@newrelic/native-metrics": "npm:12.0.0"
    "@types/node": "npm:^12.0.10"
    bcrypt: "npm:6.0.0"
    farmhash: "npm:3.3.1"
    level: "npm:6.0.0"
    native-hello-world: "npm:2.0.0"
    node-pre-gyp-test: "link:./node-pre-gyp-test"
    ref-napi: "npm:1.4.2"
    windows-active-process: "npm:1.1.1"
  dependenciesMeta:
    "@newrelic/native-metrics":
      built: true
    bcrypt:
      built: true
      optional: true
    farmhash:
      built: true
    level:
      built: true
    leveldown:
      built: true
    native-hello-world:
      built: true
    ref-napi:
      built: true
    windows-active-process:
      built: true
  languageName: unknown
  linkType: soft

"native-hello-world@npm:2.0.0":
  version: 2.0.0
  resolution: "native-hello-world@npm:2.0.0"
  dependencies:
    bindings: "npm:^1.2.1"
    node-gyp: "npm:latest"
  checksum: 10c0/740716e126ce4b00928a78aa088e35e70c291f117a245bc68481bfc8f5ffb30fe5d0d72ad3e219227dded9abf8955c92fcc27bdba4c059f240f32137bf83cf18
  languageName: node
  linkType: hard

"negotiator@npm:^1.0.0":
  version: 1.0.0
  resolution: "negotiator@npm:1.0.0"
  checksum: 10c0/4c559dd52669ea48e1914f9d634227c561221dd54734070791f999c52ed0ff36e437b2e07d5c1f6e32909fc625fe46491c16e4a8f0572567d4dd15c3a4fda04b
  languageName: node
  linkType: hard

"node-abi@npm:^3.3.0":
  version: 3.71.0
  resolution: "node-abi@npm:3.71.0"
  dependencies:
    semver: "npm:^7.3.5"
  checksum: 10c0/dbd0792ea729329cd9d099f28a5681ff9e8a6db48cf64e1437bf6a7fd669009d1e758a784619a1c4cc8bfd1ed17162f042c787654edf19a1f64b5018457c9c1f
  languageName: node
  linkType: hard

"node-addon-api@npm:^1.6.2":
  version: 1.7.2
  resolution: "node-addon-api@npm:1.7.2"
  dependencies:
    node-gyp: "npm:latest"
  checksum: 10c0/bcf526f2ce788182730d3c3df5206585873d1e837a6e1378ff84abccf2f19cf3f93a8274f9c1245af0de63a0dbd1bb95ca2f767ecf5c678d6930326aaf396c4e
  languageName: node
  linkType: hard

"node-addon-api@npm:^5.1.0":
  version: 5.1.0
  resolution: "node-addon-api@npm:5.1.0"
  dependencies:
    node-gyp: "npm:latest"
  checksum: 10c0/0eb269786124ba6fad9df8007a149e03c199b3e5a3038125dfb3e747c2d5113d406a4e33f4de1ea600aa2339be1f137d55eba1a73ee34e5fff06c52a5c296d1d
  languageName: node
  linkType: hard

"node-addon-api@npm:^8.3.0":
  version: 8.7.0
  resolution: "node-addon-api@npm:8.7.0"
  dependencies:
    node-gyp: "npm:latest"
  checksum: 10c0/31a03b00f6b0753ab08360952fdf80a1abb619dcf8125fa1ab07e3a414da050963440c3a86c77a0334c0be7a71acb5e242dc468b79201ee6151c7b943afe946d
  languageName: node
  linkType: hard

"node-fetch@npm:^2.6.7":
  version: 2.7.0
  resolution: "node-fetch@npm:2.7.0"
  dependencies:
    whatwg-url: "npm:^5.0.0"
  peerDependencies:
    encoding: ^0.1.0
  peerDependenciesMeta:
    encoding:
      optional: true
  checksum: 10c0/b55786b6028208e6fbe594ccccc213cab67a72899c9234eb59dba51062a299ea853210fcf526998eaa2867b0963ad72338824450905679ff0fa304b8c5093ae8
  languageName: node
  linkType: hard

"node-gyp-build@npm:^4.8.1, node-gyp-build@npm:^4.8.4":
  version: 4.8.4
  resolution: "node-gyp-build@npm:4.8.4"
  bin:
    node-gyp-build: bin.js
    node-gyp-build-optional: optional.js
    node-gyp-build-test: build-test.js
  checksum: 10c0/444e189907ece2081fe60e75368784f7782cfddb554b60123743dfb89509df89f1f29c03bbfa16b3a3e0be3f48799a4783f487da6203245fa5bed239ba7407e1
  languageName: node
  linkType: hard

"node-gyp-build@npm:~4.1.0":
  version: 4.1.1
  resolution: "node-gyp-build@npm:4.1.1"
  bin:
    node-gyp-build: ./bin.js
    node-gyp-build-optional: ./optional.js
    node-gyp-build-test: ./build-test.js
  checksum: 10c0/8c652daa855612c9ed8aa95dca5e7dc34d72f3849ef415412aef261e44956c0d73ba197401be5c605a709e47fbaa80c76bb31ce29c6bba4f829efbaf457b4698
  languageName: node
  linkType: hard

"node-gyp@npm:latest":
  version: 12.2.0
  resolution: "node-gyp@npm:12.2.0"
  dependencies:
    env-paths: "npm:^2.2.0"
    exponential-backoff: "npm:^3.1.1"
    graceful-fs: "npm:^4.2.6"
    make-fetch-happen: "npm:^15.0.0"
    nopt: "npm:^9.0.0"
    proc-log: "npm:^6.0.0"
    semver: "npm:^7.3.5"
    tar: "npm:^7.5.4"
    tinyglobby: "npm:^0.2.12"
    which: "npm:^6.0.0"
  bin:
    node-gyp: bin/node-gyp.js
  checksum: 10c0/3ed046746a5a7d90950cd8b0547332b06598443f31fe213ef4332a7174c7b7d259e1704835feda79b87d3f02e59d7791842aac60642ede4396ab25fdf0f8f759
  languageName: node
  linkType: hard

"node-pre-gyp-test@link:./node-pre-gyp-test::locator=native-app%40workspace%3A.":
  version: 0.0.0-use.local
  resolution: "node-pre-gyp-test@link:./node-pre-gyp-test::locator=native-app%40workspace%3A."
  languageName: node
  linkType: soft

"nopt@npm:^8.0.0":
  version: 8.1.0
  resolution: "nopt@npm:8.1.0"
  dependencies:
    abbrev: "npm:^3.0.0"
  bin:
    nopt: bin/nopt.js
  checksum: 10c0/62e9ea70c7a3eb91d162d2c706b6606c041e4e7b547cbbb48f8b3695af457dd6479904d7ace600856bf923dd8d1ed0696f06195c8c20f02ac87c1da0e1d315ef
  languageName: node
  linkType: hard

"nopt@npm:^9.0.0":
  version: 9.0.0
  resolution: "nopt@npm:9.0.0"
  dependencies:
    abbrev: "npm:^4.0.0"
  bin:
    nopt: bin/nopt.js
  checksum: 10c0/1822eb6f9b020ef6f7a7516d7b64a8036e09666ea55ac40416c36e4b2b343122c3cff0e2f085675f53de1d2db99a2a89a60ccea1d120bcd6a5347bf6ceb4a7fd
  languageName: node
  linkType: hard

"npm-run-path@npm:^3.1.0":
  version: 3.1.0
  resolution: "npm-run-path@npm:3.1.0"
  dependencies:
    path-key: "npm:^3.0.0"
  checksum: 10c0/8399f01239e9a5bf5a10bddbc71ecac97e0b7890e5b78abe9731fc759db48865b0686cc86ec079cd254a98ba119a3fa08f1b23f9de1a5428c19007bbc7b5a728
  languageName: node
  linkType: hard

"once@npm:^1.3.1, once@npm:^1.4.0":
  version: 1.4.0
  resolution: "once@npm:1.4.0"
  dependencies:
    wrappy: "npm:1"
  checksum: 10c0/5d48aca287dfefabd756621c5dfce5c91a549a93e9fdb7b8246bc4c4790aa2ec17b34a260530474635147aeb631a2dcc8b32c613df0675f96041cbb8244517d0
  languageName: node
  linkType: hard

"opencollective-postinstall@npm:^2.0.0":
  version: 2.0.3
  resolution: "opencollective-postinstall@npm:2.0.3"
  bin:
    opencollective-postinstall: index.js
  checksum: 10c0/8a0104a218bc1afaae943f0af378461eeb2836f9848bad872bbd067ec5d1d9791636f307454ab77d0746f10341366f295384656a340ebdb87a2585058e8567e5
  languageName: node
  linkType: hard

"p-map@npm:^7.0.2":
  version: 7.0.4
  resolution: "p-map@npm:7.0.4"
  checksum: 10c0/a5030935d3cb2919d7e89454d1ce82141e6f9955413658b8c9403cfe379283770ed3048146b44cde168aa9e8c716505f196d5689db0ae3ce9a71521a2fef3abd
  languageName: node
  linkType: hard

"path-key@npm:^3.0.0":
  version: 3.1.1
  resolution: "path-key@npm:3.1.1"
  checksum: 10c0/748c43efd5a569c039d7a00a03b58eecd1d75f3999f5a28303d75f521288df4823bc057d8784eb72358b2895a05f29a070bc9f1f17d28226cc4e62494cc58c4c
  languageName: node
  linkType: hard

"path-scurry@npm:^2.0.2":
  version: 2.0.2
  resolution: "path-scurry@npm:2.0.2"
  dependencies:
    lru-cache: "npm:^11.0.0"
    minipass: "npm:^7.1.2"
  checksum: 10c0/b35ad37cf6557a87fd057121ce2be7695380c9138d93e87ae928609da259ea0a170fac6f3ef1eb3ece8a068e8b7f2f3adf5bb2374cf4d4a57fe484954fcc9482
  languageName: node
  linkType: hard

"picomatch@npm:^4.0.3":
  version: 4.0.4
  resolution: "picomatch@npm:4.0.4"
  checksum: 10c0/e2c6023372cc7b5764719a5ffb9da0f8e781212fa7ca4bd0562db929df8e117460f00dff3cb7509dacfc06b86de924b247f504d0ce1806a37fac4633081466b0
  languageName: node
  linkType: hard

"prebuild-install@npm:^7.1.2":
  version: 7.1.2
  resolution: "prebuild-install@npm:7.1.2"
  dependencies:
    detect-libc: "npm:^2.0.0"
    expand-template: "npm:^2.0.3"
    github-from-package: "npm:0.0.0"
    minimist: "npm:^1.2.3"
    mkdirp-classic: "npm:^0.5.3"
    napi-build-utils: "npm:^1.0.1"
    node-abi: "npm:^3.3.0"
    pump: "npm:^3.0.0"
    rc: "npm:^1.2.7"
    simple-get: "npm:^4.0.0"
    tar-fs: "npm:^2.0.0"
    tunnel-agent: "npm:^0.6.0"
  bin:
    prebuild-install: bin.js
  checksum: 10c0/e64868ba9ef2068fd7264f5b03e5298a901e02a450acdb1f56258d88c09dea601eefdb3d1dfdff8513fdd230a92961712be0676192626a3b4d01ba154d48bdd3
  languageName: node
  linkType: hard

"prebuildify@npm:^6.0.1":
  version: 6.0.1
  resolution: "prebuildify@npm:6.0.1"
  dependencies:
    minimist: "npm:^1.2.5"
    mkdirp-classic: "npm:^0.5.3"
    node-abi: "npm:^3.3.0"
    npm-run-path: "npm:^3.1.0"
    pump: "npm:^3.0.0"
    tar-fs: "npm:^2.1.0"
  bin:
    prebuildify: bin.js
  checksum: 10c0/869a02fefe17ac5263194fa16db903640eeaaf2af68d52957016dbcfff6718cdf7909f3146bb420d39653f06d19edf9770a461226682304f743b9ddbb49c14a3
  languageName: node
  linkType: hard

"proc-log@npm:^6.0.0":
  version: 6.1.0
  resolution: "proc-log@npm:6.1.0"
  checksum: 10c0/4f178d4062733ead9d71a9b1ab24ebcecdfe2250916a5b1555f04fe2eda972a0ec76fbaa8df1ad9c02707add6749219d118a4fc46dc56bdfe4dde4b47d80bb82
  languageName: node
  linkType: hard

"prr@npm:~1.0.1":
  version: 1.0.1
  resolution: "prr@npm:1.0.1"
  checksum: 10c0/5b9272c602e4f4472a215e58daff88f802923b84bc39c8860376bb1c0e42aaf18c25d69ad974bd06ec6db6f544b783edecd5502cd3d184748d99080d68e4be5f
  languageName: node
  linkType: hard

"pump@npm:^3.0.0":
  version: 3.0.0
  resolution: "pump@npm:3.0.0"
  dependencies:
    end-of-stream: "npm:^1.1.0"
    once: "npm:^1.3.1"
  checksum: 10c0/bbdeda4f747cdf47db97428f3a135728669e56a0ae5f354a9ac5b74556556f5446a46f720a8f14ca2ece5be9b4d5d23c346db02b555f46739934cc6c093a5478
  languageName: node
  linkType: hard

"rc@npm:^1.2.7":
  version: 1.2.8
  resolution: "rc@npm:1.2.8"
  dependencies:
    deep-extend: "npm:^0.6.0"
    ini: "npm:~1.3.0"
    minimist: "npm:^1.2.0"
    strip-json-comments: "npm:~2.0.1"
  bin:
    rc: ./cli.js
  checksum: 10c0/24a07653150f0d9ac7168e52943cc3cb4b7a22c0e43c7dff3219977c2fdca5a2760a304a029c20811a0e79d351f57d46c9bde216193a0f73978496afc2b85b15
  languageName: node
  linkType: hard

"readable-stream@npm:^3.1.1, readable-stream@npm:^3.4.0":
  version: 3.6.2
  resolution: "readable-stream@npm:3.6.2"
  dependencies:
    inherits: "npm:^2.0.3"
    string_decoder: "npm:^1.1.1"
    util-deprecate: "npm:^1.0.1"
  checksum: 10c0/e37be5c79c376fdd088a45fa31ea2e423e5d48854be7a22a58869b4e84d25047b193f6acb54f1012331e1bcd667ffb569c01b99d36b0bd59658fb33f513511b7
  languageName: node
  linkType: hard

"ref-napi@npm:1.4.2":
  version: 1.4.2
  resolution: "ref-napi@npm:1.4.2"
  dependencies:
    bindings: "npm:^1.3.0"
    debug: "npm:^3.1.0"
    node-addon-api: "npm:^1.6.2"
    node-gyp: "npm:latest"
  checksum: 10c0/0dec4136a903e456b0db87bab779da89ee206661e771479a7afab7851b2d522e5ad8a0976ba37b71b0220f4d2ff13312a7a1fd9a92c09505877a584dab17537f
  languageName: node
  linkType: hard

"safe-buffer@npm:^5.0.1, safe-buffer@npm:~5.2.0":
  version: 5.2.1
  resolution: "safe-buffer@npm:5.2.1"
  checksum: 10c0/6501914237c0a86e9675d4e51d89ca3c21ffd6a31642efeba25ad65720bce6921c9e7e974e5be91a786b25aa058b5303285d3c15dbabf983a919f5f630d349f3
  languageName: node
  linkType: hard

"safer-buffer@npm:>= 2.1.2 < 3.0.0":
  version: 2.1.2
  resolution: "safer-buffer@npm:2.1.2"
  checksum: 10c0/7e3c8b2e88a1841c9671094bbaeebd94448111dd90a81a1f606f3f67708a6ec57763b3b47f06da09fc6054193e0e6709e77325415dc8422b04497a8070fa02d4
  languageName: node
  linkType: hard

"semver@npm:^7.3.5":
  version: 7.6.2
  resolution: "semver@npm:7.6.2"
  bin:
    semver: bin/semver.js
  checksum: 10c0/97d3441e97ace8be4b1976433d1c32658f6afaff09f143e52c593bae7eef33de19e3e369c88bd985ce1042c6f441c80c6803078d1de2a9988080b66684cbb30c
  languageName: node
  linkType: hard

"semver@npm:^7.5.3":
  version: 7.7.4
  resolution: "semver@npm:7.7.4"
  bin:
    semver: bin/semver.js
  checksum: 10c0/5215ad0234e2845d4ea5bb9d836d42b03499546ddafb12075566899fc617f68794bb6f146076b6881d755de17d6c6cc73372555879ec7dce2c2feee947866ad2
  languageName: node
  linkType: hard

"simple-concat@npm:^1.0.0":
  version: 1.0.1
  resolution: "simple-concat@npm:1.0.1"
  checksum: 10c0/62f7508e674414008910b5397c1811941d457dfa0db4fd5aa7fa0409eb02c3609608dfcd7508cace75b3a0bf67a2a77990711e32cd213d2c76f4fd12ee86d776
  languageName: node
  linkType: hard

"simple-get@npm:^4.0.0":
  version: 4.0.1
  resolution: "simple-get@npm:4.0.1"
  dependencies:
    decompress-response: "npm:^6.0.0"
    once: "npm:^1.3.1"
    simple-concat: "npm:^1.0.0"
  checksum: 10c0/b0649a581dbca741babb960423248899203165769747142033479a7dc5e77d7b0fced0253c731cd57cf21e31e4d77c9157c3069f4448d558ebc96cf9e1eebcf0
  languageName: node
  linkType: hard

"smart-buffer@npm:^4.2.0":
  version: 4.2.0
  resolution: "smart-buffer@npm:4.2.0"
  checksum: 10c0/a16775323e1404dd43fabafe7460be13a471e021637bc7889468eb45ce6a6b207261f454e4e530a19500cc962c4cc5348583520843b363f4193cee5c00e1e539
  languageName: node
  linkType: hard

"socks-proxy-agent@npm:^8.0.3":
  version: 8.0.5
  resolution: "socks-proxy-agent@npm:8.0.5"
  dependencies:
    agent-base: "npm:^7.1.2"
    debug: "npm:^4.3.4"
    socks: "npm:^2.8.3"
  checksum: 10c0/5d2c6cecba6821389aabf18728325730504bf9bb1d9e342e7987a5d13badd7a98838cc9a55b8ed3cb866ad37cc23e1086f09c4d72d93105ce9dfe76330e9d2a6
  languageName: node
  linkType: hard

"socks@npm:^2.8.3":
  version: 2.8.7
  resolution: "socks@npm:2.8.7"
  dependencies:
    ip-address: "npm:^10.0.1"
    smart-buffer: "npm:^4.2.0"
  checksum: 10c0/2805a43a1c4bcf9ebf6e018268d87b32b32b06fbbc1f9282573583acc155860dc361500f89c73bfbb157caa1b4ac78059eac0ef15d1811eb0ca75e0bdadbc9d2
  languageName: node
  linkType: hard

"ssri@npm:^13.0.0":
  version: 13.0.1
  resolution: "ssri@npm:13.0.1"
  dependencies:
    minipass: "npm:^7.0.3"
  checksum: 10c0/cf6408a18676c57ff2ed06b8a20dc64bb3e748e5c7e095332e6aecaa2b8422b1e94a739a8453bf65156a8a47afe23757ba4ab52d3ea3b62322dc40875763e17a
  languageName: node
  linkType: hard

"string_decoder@npm:^1.1.1":
  version: 1.3.0
  resolution: "string_decoder@npm:1.3.0"
  dependencies:
    safe-buffer: "npm:~5.2.0"
  checksum: 10c0/810614ddb030e271cd591935dcd5956b2410dd079d64ff92a1844d6b7588bf992b3e1b69b0f4d34a3e06e0bd73046ac646b5264c1987b20d0601f81ef35d731d
  languageName: node
  linkType: hard

"strip-json-comments@npm:~2.0.1":
  version: 2.0.1
  resolution: "strip-json-comments@npm:2.0.1"
  checksum: 10c0/b509231cbdee45064ff4f9fd73609e2bcc4e84a4d508e9dd0f31f70356473fde18abfb5838c17d56fb236f5a06b102ef115438de0600b749e818a35fbbc48c43
  languageName: node
  linkType: hard

"tar-fs@npm:^2.0.0, tar-fs@npm:^2.1.0":
  version: 2.1.4
  resolution: "tar-fs@npm:2.1.4"
  dependencies:
    chownr: "npm:^1.1.1"
    mkdirp-classic: "npm:^0.5.2"
    pump: "npm:^3.0.0"
    tar-stream: "npm:^2.1.4"
  checksum: 10c0/decb25acdc6839182c06ec83cba6136205bda1db984e120c8ffd0d80182bc5baa1d916f9b6c5c663ea3f9975b4dd49e3c6bb7b1707cbcdaba4e76042f43ec84c
  languageName: node
  linkType: hard

"tar-stream@npm:^2.1.4":
  version: 2.2.0
  resolution: "tar-stream@npm:2.2.0"
  dependencies:
    bl: "npm:^4.0.3"
    end-of-stream: "npm:^1.4.1"
    fs-constants: "npm:^1.0.0"
    inherits: "npm:^2.0.3"
    readable-stream: "npm:^3.1.1"
  checksum: 10c0/2f4c910b3ee7196502e1ff015a7ba321ec6ea837667220d7bcb8d0852d51cb04b87f7ae471008a6fb8f5b1a1b5078f62f3a82d30c706f20ada1238ac797e7692
  languageName: node
  linkType: hard

"tar@npm:^7.4.0, tar@npm:^7.5.4":
  version: 7.5.13
  resolution: "tar@npm:7.5.13"
  dependencies:
    "@isaacs/fs-minipass": "npm:^4.0.0"
    chownr: "npm:^3.0.0"
    minipass: "npm:^7.1.2"
    minizlib: "npm:^3.1.0"
    yallist: "npm:^5.0.0"
  checksum: 10c0/5c65b8084799bde7a791593a1c1a45d3d6ee98182e3700b24c247b7b8f8654df4191642abbdb07ff25043d45dcff35620827c3997b88ae6c12040f64bed5076b
  languageName: node
  linkType: hard

"tinyglobby@npm:^0.2.12":
  version: 0.2.15
  resolution: "tinyglobby@npm:0.2.15"
  dependencies:
    fdir: "npm:^6.5.0"
    picomatch: "npm:^4.0.3"
  checksum: 10c0/869c31490d0d88eedb8305d178d4c75e7463e820df5a9b9d388291daf93e8b1eb5de1dad1c1e139767e4269fe75f3b10d5009b2cc14db96ff98986920a186844
  languageName: node
  linkType: hard

"tr46@npm:~0.0.3":
  version: 0.0.3
  resolution: "tr46@npm:0.0.3"
  checksum: 10c0/047cb209a6b60c742f05c9d3ace8fa510bff609995c129a37ace03476a9b12db4dbf975e74600830ef0796e18882b2381fb5fb1f6b4f96b832c374de3ab91a11
  languageName: node
  linkType: hard

"tunnel-agent@npm:^0.6.0":
  version: 0.6.0
  resolution: "tunnel-agent@npm:0.6.0"
  dependencies:
    safe-buffer: "npm:^5.0.1"
  checksum: 10c0/4c7a1b813e7beae66fdbf567a65ec6d46313643753d0beefb3c7973d66fcec3a1e7f39759f0a0b4465883499c6dc8b0750ab8b287399af2e583823e40410a17a
  languageName: node
  linkType: hard

"util-deprecate@npm:^1.0.1":
  version: 1.0.2
  resolution: "util-deprecate@npm:1.0.2"
  checksum: 10c0/41a5bdd214df2f6c3ecf8622745e4a366c4adced864bc3c833739791aeeeb1838119af7daed4ba36428114b5c67dcda034a79c882e97e43c03e66a4dd7389942
  languageName: node
  linkType: hard

"webidl-conversions@npm:^3.0.0":
  version: 3.0.1
  resolution: "webidl-conversions@npm:3.0.1"
  checksum: 10c0/5612d5f3e54760a797052eb4927f0ddc01383550f542ccd33d5238cfd65aeed392a45ad38364970d0a0f4fea32e1f4d231b3d8dac4a3bdd385e5cf802ae097db
  languageName: node
  linkType: hard

"whatwg-url@npm:^5.0.0":
  version: 5.0.0
  resolution: "whatwg-url@npm:5.0.0"
  dependencies:
    tr46: "npm:~0.0.3"
    webidl-conversions: "npm:^3.0.0"
  checksum: 10c0/1588bed84d10b72d5eec1d0faa0722ba1962f1821e7539c535558fb5398d223b0c50d8acab950b8c488b4ba69043fd833cc2697056b167d8ad46fac3995a55d5
  languageName: node
  linkType: hard

"which@npm:^6.0.0":
  version: 6.0.1
  resolution: "which@npm:6.0.1"
  dependencies:
    isexe: "npm:^4.0.0"
  bin:
    node-which: bin/which.js
  checksum: 10c0/7e710e54ea36d2d6183bee2f9caa27a3b47b9baf8dee55a199b736fcf85eab3b9df7556fca3d02b50af7f3dfba5ea3a45644189836df06267df457e354da66d5
  languageName: node
  linkType: hard

"windows-active-process@npm:1.1.1":
  version: 1.1.1
  resolution: "windows-active-process@npm:1.1.1"
  dependencies:
    bindings: "npm:^1.2.1"
    node-gyp: "npm:latest"
  checksum: 10c0/3b61249e5adaf3b5832d22c7410818bc5956d23263ccb5f14d429c2c34670b4aabc2a4d8fc2d0f21cff9e1b99c682feeb0bc95e14b2a53568f38909b23a0fa76
  languageName: node
  linkType: hard

"wrappy@npm:1":
  version: 1.0.2
  resolution: "wrappy@npm:1.0.2"
  checksum: 10c0/56fece1a4018c6a6c8e28fbc88c87e0fbf4ea8fd64fc6c63b18f4acc4bd13e0ad2515189786dd2c30d3eec9663d70f4ecf699330002f8ccb547e4a18231fc9f0
  languageName: node
  linkType: hard

"xtend@npm:^4.0.2, xtend@npm:~4.0.0":
  version: 4.0.2
  resolution: "xtend@npm:4.0.2"
  checksum: 10c0/366ae4783eec6100f8a02dff02ac907bf29f9a00b82ac0264b4d8b832ead18306797e283cf19de776538babfdcb2101375ec5646b59f08c52128ac4ab812ed0e
  languageName: node
  linkType: hard

"yallist@npm:^4.0.0":
  version: 4.0.0
  resolution: "yallist@npm:4.0.0"
  checksum: 10c0/2286b5e8dbfe22204ab66e2ef5cc9bbb1e55dfc873bbe0d568aa943eb255d131890dfd5bf243637273d31119b870f49c18fcde2c6ffbb7a7a092b870dc90625a
  languageName: node
  linkType: hard

"yallist@npm:^5.0.0":
  version: 5.0.0
  resolution: "yallist@npm:5.0.0"
  checksum: 10c0/a499c81ce6d4a1d260d4ea0f6d49ab4da09681e32c3f0472dee16667ed69d01dae63a3b81745a24bd78476ec4fcf856114cb4896ace738e01da34b2c42235416
  languageName: node
  linkType: hard
